
Microsoft Visual Studio Solution File, Format Version 12.00
# Visual Studio Version 17
VisualStudioVersion = 17.8.34330.188
MinimumVisualStudioVersion = 10.0.40219.1
Project("{FAE04EC0-301F-11D3-BF4B-00C04F79EFBC}") = "JollibeeOrderingSystem", "JollibeeOrderingSystem.csproj", "{ED37C65D-27E0-4263-9503-E4B8C18C5603}"
EndProject
Global
	GlobalSection(SolutionConfigurationPlatforms) = preSolution
		Debug|Any CPU = Debug|Any CPU
		Release|Any CPU = Release|Any CPU
	EndGlobalSection
	GlobalSection(ProjectConfigurationPlatforms) = postSolution
		{ED37C65D-27E0-4263-9503-E4B8C18C5603}.Debug|Any CPU.ActiveCfg = Debug|Any CPU
		{ED37C65D-27E0-4263-9503-E4B8C18C5603}.Debug|Any CPU.Build.0 = Debug|Any CPU
		{ED37C65D-27E0-4263-9503-E4B8C18C5603}.Release|Any CPU.ActiveCfg = Release|Any CPU
		{ED37C65D-27E0-4263-9503-E4B8C18C5603}.Release|Any CPU.Build.0 = Release|Any CPU
	EndGlobalSection
	GlobalSection(SolutionProperties) = preSolution
		HideSolutionNode = FALSE
	EndGlobalSection
	GlobalSection(ExtensibilityGlobals) = postSolution
		SolutionGuid = {936B93CA-75EF-44B7-B467-27E1D6E71721}
	EndGlobalSection
EndGlobal
